
Microsoft Visual Studio Solution File, Format Version 12.00
# Visual Studio Version 17
VisualStudioVersion = 17.9.34723.18
MinimumVisualStudioVersion = 10.0.40219.1
Project("{FAE04EC0-301F-11D3-BF4B-00C04F79EFBC}") = "Naming", "Naming\Naming.csproj", "{239D460B-A715-42EA-9F1A-91F196D2E835}"
EndProject
Global
	GlobalSection(SolutionConfigurationPlatforms) = preSolution
		Debug|Any CPU = Debug|Any CPU
		Release|Any CPU = Release|Any CPU
	EndGlobalSection
	GlobalSection(ProjectConfigurationPlatforms) = postSolution
		{239D460B-A715-42EA-9F1A-91F196D2E835}.Debug|Any CPU.ActiveCfg = Debug|Any CPU
		{239D460B-A715-42EA-9F1A-91F196D2E835}.Debug|Any CPU.Build.0 = Debug|Any CPU
		{239D460B-A715-42EA-9F1A-91F196D2E835}.Release|Any CPU.ActiveCfg = Release|Any CPU
		{239D460B-A715-42EA-9F1A-91F196D2E835}.Release|Any CPU.Build.0 = Release|Any CPU
	EndGlobalSection
	GlobalSection(SolutionProperties) = preSolution
		HideSolutionNode = FALSE
	EndGlobalSection
	GlobalSection(ExtensibilityGlobals) = postSolution
		SolutionGuid = {E044DD0C-044F-4A13-AB3D-1D47248CBE29}
	EndGlobalSection
EndGlobal
