
Microsoft Visual Studio Solution File, Format Version 12.00
# Visual Studio Version 17
VisualStudioVersion = 17.9.34723.18
MinimumVisualStudioVersion = 10.0.40219.1
Project("{FAE04EC0-301F-11D3-BF4B-00C04F79EFBC}") = "DirtyCode", "DirtyCode\DirtyCode.csproj", "{BCEB5586-BF3F-4FC7-AD2B-8B4004AED3A5}"
EndProject
Project("{FAE04EC0-301F-11D3-BF4B-00C04F79EFBC}") = "CleanCode", "CleanCode\CleanCode.csproj", "{DDC50DF8-0F21-4925-93DC-DA4041EE5CAC}"
EndProject
Project("{FAE04EC0-301F-11D3-BF4B-00C04F79EFBC}") = "CleanCode.Library", "CleanCode.Library\CleanCode.Library.csproj", "{5ACF93F7-F67D-4280-BDCA-EE1E0B5DA6B4}"
EndProject
Global
	GlobalSection(SolutionConfigurationPlatforms) = preSolution
		Debug|Any CPU = Debug|Any CPU
		Release|Any CPU = Release|Any CPU
	EndGlobalSection
	GlobalSection(ProjectConfigurationPlatforms) = postSolution
		{BCEB5586-BF3F-4FC7-AD2B-8B4004AED3A5}.Debug|Any CPU.ActiveCfg = Debug|Any CPU
		{BCEB5586-BF3F-4FC7-AD2B-8B4004AED3A5}.Debug|Any CPU.Build.0 = Debug|Any CPU
		{BCEB5586-BF3F-4FC7-AD2B-8B4004AED3A5}.Release|Any CPU.ActiveCfg = Release|Any CPU
		{BCEB5586-BF3F-4FC7-AD2B-8B4004AED3A5}.Release|Any CPU.Build.0 = Release|Any CPU
		{DDC50DF8-0F21-4925-93DC-DA4041EE5CAC}.Debug|Any CPU.ActiveCfg = Debug|Any CPU
		{DDC50DF8-0F21-4925-93DC-DA4041EE5CAC}.Debug|Any CPU.Build.0 = Debug|Any CPU
		{DDC50DF8-0F21-4925-93DC-DA4041EE5CAC}.Release|Any CPU.ActiveCfg = Release|Any CPU
		{DDC50DF8-0F21-4925-93DC-DA4041EE5CAC}.Release|Any CPU.Build.0 = Release|Any CPU
		{5ACF93F7-F67D-4280-BDCA-EE1E0B5DA6B4}.Debug|Any CPU.ActiveCfg = Debug|Any CPU
		{5ACF93F7-F67D-4280-BDCA-EE1E0B5DA6B4}.Debug|Any CPU.Build.0 = Debug|Any CPU
		{5ACF93F7-F67D-4280-BDCA-EE1E0B5DA6B4}.Release|Any CPU.ActiveCfg = Release|Any CPU
		{5ACF93F7-F67D-4280-BDCA-EE1E0B5DA6B4}.Release|Any CPU.Build.0 = Release|Any CPU
	EndGlobalSection
	GlobalSection(SolutionProperties) = preSolution
		HideSolutionNode = FALSE
	EndGlobalSection
	GlobalSection(ExtensibilityGlobals) = postSolution
		SolutionGuid = {00465250-4BCA-48C3-BC1B-8B7A5A9CE13B}
	EndGlobalSection
EndGlobal
